
Microsoft Visual Studio Solution File, Format Version 12.00
# Visual Studio 15
VisualStudioVersion = 15.0.28307.271
MinimumVisualStudioVersion = 10.0.40219.1
Project("{FAE04EC0-301F-11D3-BF4B-00C04F79EFBC}") = "WTCI", "WTCI\WTCI.csproj", "{945A44F1-21E1-45C3-A887-4ADF0FBBC947}"
EndProject
Global
	GlobalSection(SolutionConfigurationPlatforms) = preSolution
		Debug|Any CPU = Debug|Any CPU
		Release|Any CPU = Release|Any CPU
	EndGlobalSection
	GlobalSection(ProjectConfigurationPlatforms) = postSolution
		{945A44F1-21E1-45C3-A887-4ADF0FBBC947}.Debug|Any CPU.ActiveCfg = Debug|Any CPU
		{945A44F1-21E1-45C3-A887-4ADF0FBBC947}.Debug|Any CPU.Build.0 = Debug|Any CPU
		{945A44F1-21E1-45C3-A887-4ADF0FBBC947}.Release|Any CPU.ActiveCfg = Release|Any CPU
		{945A44F1-21E1-45C3-A887-4ADF0FBBC947}.Release|Any CPU.Build.0 = Release|Any CPU
	EndGlobalSection
	GlobalSection(SolutionProperties) = preSolution
		HideSolutionNode = FALSE
	EndGlobalSection
	GlobalSection(ExtensibilityGlobals) = postSolution
		SolutionGuid = {1729740F-EC04-4092-86C1-38ED2B7F1A38}
	EndGlobalSection
EndGlobal
